
Microsoft Visual Studio Solution File, Format Version 12.00
# Visual Studio Version 17
VisualStudioVersion = 17.4.33205.214
MinimumVisualStudioVersion = 10.0.40219.1
Project("{FAE04EC0-301F-11D3-BF4B-00C04F79EFBC}") = "Zsktnm.TextScanner", "Zsktnm.TextScanner\Zsktnm.TextScanner.csproj", "{F1B5EADF-E97A-40A0-8F40-91A0E866FF03}"
EndProject
Project("{FAE04EC0-301F-11D3-BF4B-00C04F79EFBC}") = "Zsktnm.TextScanner.Tests", "Zsktnm.TextScanner.Tests\Zsktnm.TextScanner.Tests.csproj", "{4213E0D3-D929-4E94-A214-8D9498DCEBDA}"
EndProject
Project("{FAE04EC0-301F-11D3-BF4B-00C04F79EFBC}") = "Zsktnm.TextScanner.Examples.ReadFromConsole", "Zsktnm.TextScanner.Examples.ReadFromConsole\Zsktnm.TextScanner.Examples.ReadFromConsole.csproj", "{0AF3AD98-474E-4832-9DF8-55893F1F116E}"
EndProject
Global
	GlobalSection(SolutionConfigurationPlatforms) = preSolution
		Debug|Any CPU = Debug|Any CPU
		Release|Any CPU = Release|Any CPU
	EndGlobalSection
	GlobalSection(ProjectConfigurationPlatforms) = postSolution
		{F1B5EADF-E97A-40A0-8F40-91A0E866FF03}.Debug|Any CPU.ActiveCfg = Debug|Any CPU
		{F1B5EADF-E97A-40A0-8F40-91A0E866FF03}.Debug|Any CPU.Build.0 = Debug|Any CPU
		{F1B5EADF-E97A-40A0-8F40-91A0E866FF03}.Release|Any CPU.ActiveCfg = Release|Any CPU
		{F1B5EADF-E97A-40A0-8F40-91A0E866FF03}.Release|Any CPU.Build.0 = Release|Any CPU
		{4213E0D3-D929-4E94-A214-8D9498DCEBDA}.Debug|Any CPU.ActiveCfg = Debug|Any CPU
		{4213E0D3-D929-4E94-A214-8D9498DCEBDA}.Debug|Any CPU.Build.0 = Debug|Any CPU
		{4213E0D3-D929-4E94-A214-8D9498DCEBDA}.Release|Any CPU.ActiveCfg = Release|Any CPU
		{4213E0D3-D929-4E94-A214-8D9498DCEBDA}.Release|Any CPU.Build.0 = Release|Any CPU
		{0AF3AD98-474E-4832-9DF8-55893F1F116E}.Debug|Any CPU.ActiveCfg = Debug|Any CPU
		{0AF3AD98-474E-4832-9DF8-55893F1F116E}.Debug|Any CPU.Build.0 = Debug|Any CPU
		{0AF3AD98-474E-4832-9DF8-55893F1F116E}.Release|Any CPU.ActiveCfg = Release|Any CPU
		{0AF3AD98-474E-4832-9DF8-55893F1F116E}.Release|Any CPU.Build.0 = Release|Any CPU
	EndGlobalSection
	GlobalSection(SolutionProperties) = preSolution
		HideSolutionNode = FALSE
	EndGlobalSection
	GlobalSection(ExtensibilityGlobals) = postSolution
		SolutionGuid = {B3A85854-6829-45A0-91E2-44EBB0E99D25}
	EndGlobalSection
EndGlobal
